// !$*UTF8*$!
{
	archiveVersion = 1;
	classes = {
	};
	objectVersion = 50;
	objects = {

/* Begin PBXBuildFile section */
		7D32FD0C24DC390300B4D556 /* AppDelegate.swift in Sources */ = {isa = PBXBuildFile; fileRef = 7D32FD0B24DC390300B4D556 /* AppDelegate.swift */; };
		7D32FD0E24DC390300B4D556 /* SceneDelegate.swift in Sources */ = {isa = PBXBuildFile; fileRef = 7D32FD0D24DC390300B4D556 /* SceneDelegate.swift */; };
		7D32FD1024DC390300B4D556 /* ContentView.swift in Sources */ = {isa = PBXBuildFile; fileRef = 7D32FD0F24DC390300B4D556 /* ContentView.swift */; };
		7D32FD1224DC390C00B4D556 /* Assets.xcassets in Resources */ = {isa = PBXBuildFile; fileRef = 7D32FD1124DC390C00B4D556 /* Assets.xcassets */; };
		7D32FD1524DC390C00B4D556 /* Preview Assets.xcassets in Resources */ = {isa = PBXBuildFile; fileRef = 7D32FD1424DC390C00B4D556 /* Preview Assets.xcassets */; };
		7D32FD1824DC390C00B4D556 /* LaunchScreen.storyboard in Resources */ = {isa = PBXBuildFile; fileRef = 7D32FD1624DC390C00B4D556 /* LaunchScreen.storyboard */; };
		7D32FD2324DC390C00B4D556 /* SwiftUIDemoTests.swift in Sources */ = {isa = PBXBuildFile; fileRef = 7D32FD2224DC390C00B4D556 /* SwiftUIDemoTests.swift */; };
		7D32FD2E24DC390C00B4D556 /* SwiftUIDemoUITests.swift in Sources */ = {isa = PBXBuildFile; fileRef = 7D32FD2D24DC390C00B4D556 /* SwiftUIDemoUITests.swift */; };
		7D38C607250526B800551D5D /* Helper.swift in Sources */ = {isa = PBXBuildFile; fileRef = 7D38C606250526B800551D5D /* Helper.swift */; };
		7D38C609250526C100551D5D /* Menu.swift in Sources */ = {isa = PBXBuildFile; fileRef = 7D38C608250526C100551D5D /* Menu.swift */; };
		7D38C60B250526C600551D5D /* Order.swift in Sources */ = {isa = PBXBuildFile; fileRef = 7D38C60A250526C600551D5D /* Order.swift */; };
		7D38C60D25052A8900551D5D /* menu.json in Resources */ = {isa = PBXBuildFile; fileRef = 7D38C60C25052A8700551D5D /* menu.json */; };
/* End PBXBuildFile section */

/* Begin PBXContainerItemProxy section */
		7D32FD1F24DC390C00B4D556 /* PBXContainerItemProxy */ = {
			isa = PBXContainerItemProxy;
			containerPortal = 7D32FD0024DC390300B4D556 /* Project object */;
			proxyType = 1;
			remoteGlobalIDString = 7D32FD0724DC390300B4D556;
			remoteInfo = SwiftUIDemo;
		};
		7D32FD2A24DC390C00B4D556 /* PBXContainerItemProxy */ = {
			isa = PBXContainerItemProxy;
			containerPortal = 7D32FD0024DC390300B4D556 /* Project object */;
			proxyType = 1;
			remoteGlobalIDString = 7D32FD0724DC390300B4D556;
			remoteInfo = SwiftUIDemo;
		};
/* End PBXContainerItemProxy section */

/* Begin PBXFileReference section */
		7D32FD0824DC390300B4D556 /* SwiftUIDemo.app */ = {isa = PBXFileReference; explicitFileType = wrapper.application; includeInIndex = 0; path = SwiftUIDemo.app; sourceTree = BUILT_PRODUCTS_DIR; };
		7D32FD0B24DC390300B4D556 /* AppDelegate.swift */ = {isa = PBXFileReference; lastKnownFileType = sourcecode.swift; path = AppDelegate.swift; sourceTree = "<group>"; };
		7D32FD0D24DC390300B4D556 /* SceneDelegate.swift */ = {isa = PBXFileReference; lastKnownFileType = sourcecode.swift; path = SceneDelegate.swift; sourceTree = "<group>"; };
		7D32FD0F24DC390300B4D556 /* ContentView.swift */ = {isa = PBXFileReference; lastKnownFileType = sourcecode.swift; path = ContentView.swift; sourceTree = "<group>"; };
		7D32FD1124DC390C00B4D556 /* Assets.xcassets */ = {isa = PBXFileReference; lastKnownFileType = folder.assetcatalog; path = Assets.xcassets; sourceTree = "<group>"; };
		7D32FD1424DC390C00B4D556 /* Preview Assets.xcassets */ = {isa = PBXFileReference; lastKnownFileType = folder.assetcatalog; path = "Preview Assets.xcassets"; sourceTree = "<group>"; };
		7D32FD1724DC390C00B4D556 /* Base */ = {isa = PBXFileReference; lastKnownFileType = file.storyboard; name = Base; path = Base.lproj/LaunchScreen.storyboard; sourceTree = "<group>"; };
		7D32FD1924DC390C00B4D556 /* Info.plist */ = {isa = PBXFileReference; lastKnownFileType = text.plist.xml; path = Info.plist; sourceTree = "<group>"; };
		7D32FD1E24DC390C00B4D556 /* SwiftUIDemoTests.xctest */ = {isa = PBXFileReference; explicitFileType = wrapper.cfbundle; includeInIndex = 0; path = SwiftUIDemoTests.xctest; sourceTree = BUILT_PRODUCTS_DIR; };
		7D32FD2224DC390C00B4D556 /* SwiftUIDemoTests.swift */ = {isa = PBXFileReference; lastKnownFileType = sourcecode.swift; path = SwiftUIDemoTests.swift; sourceTree = "<group>"; };
		7D32FD2424DC390C00B4D556 /* Info.plist */ = {isa = PBXFileReference; lastKnownFileType = text.plist.xml; path = Info.plist; sourceTree = "<group>"; };
		7D32FD2924DC390C00B4D556 /* SwiftUIDemoUITests.xctest */ = {isa = PBXFileReference; explicitFileType = wrapper.cfbundle; includeInIndex = 0; path = SwiftUIDemoUITests.xctest; sourceTree = BUILT_PRODUCTS_DIR; };
		7D32FD2D24DC390C00B4D556 /* SwiftUIDemoUITests.swift */ = {isa = PBXFileReference; lastKnownFileType = sourcecode.swift; path = SwiftUIDemoUITests.swift; sourceTree = "<group>"; };
		7D32FD2F24DC390C00B4D556 /* Info.plist */ = {isa = PBXFileReference; lastKnownFileType = text.plist.xml; path = Info.plist; sourceTree = "<group>"; };
		7D38C606250526B800551D5D /* Helper.swift */ = {isa = PBXFileReference; fileEncoding = 4; lastKnownFileType = sourcecode.swift; name = Helper.swift; path = "../../../../Downloads/idine-resource/Helper.swift"; sourceTree = "<group>"; };
		7D38C608250526C100551D5D /* Menu.swift */ = {isa = PBXFileReference; fileEncoding = 4; lastKnownFileType = sourcecode.swift; name = Menu.swift; path = "../../../../Downloads/idine-resource/Menu.swift"; sourceTree = "<group>"; };
		7D38C60A250526C600551D5D /* Order.swift */ = {isa = PBXFileReference; fileEncoding = 4; lastKnownFileType = sourcecode.swift; name = Order.swift; path = "../../../../Downloads/idine-resource/Order.swift"; sourceTree = "<group>"; };
		7D38C60C25052A8700551D5D /* menu.json */ = {isa = PBXFileReference; fileEncoding = 4; lastKnownFileType = text.json; name = menu.json; path = "../../../../Downloads/idine-resource/menu.json"; sourceTree = "<group>"; };
/* End PBXFileReference section */

/* Begin PBXFrameworksBuildPhase section */
		7D32FD0524DC390300B4D556 /* Frameworks */ = {
			isa = PBXFrameworksBuildPhase;
			buildActionMask = 2147483647;
			files = (
			);
			runOnlyForDeploymentPostprocessing = 0;
		};
		7D32FD1B24DC390C00B4D556 /* Frameworks */ = {
			isa = PBXFrameworksBuildPhase;
			buildActionMask = 2147483647;
			files = (
			);
			runOnlyForDeploymentPostprocessing = 0;
		};
		7D32FD2624DC390C00B4D556 /* Frameworks */ = {
			isa = PBXFrameworksBuildPhase;
			buildActionMask = 2147483647;
			files = (
			);
			runOnlyForDeploymentPostprocessing = 0;
		};
/* End PBXFrameworksBuildPhase section */

/* Begin PBXGroup section */
		7D32FCFF24DC390300B4D556 = {
			isa = PBXGroup;
			children = (
				7D32FD0A24DC390300B4D556 /* SwiftUIDemo */,
				7D32FD2124DC390C00B4D556 /* SwiftUIDemoTests */,
				7D32FD2C24DC390C00B4D556 /* SwiftUIDemoUITests */,
				7D32FD0924DC390300B4D556 /* Products */,
			);
			sourceTree = "<group>";
		};
		7D32FD0924DC390300B4D556 /* Products */ = {
			isa = PBXGroup;
			children = (
				7D32FD0824DC390300B4D556 /* SwiftUIDemo.app */,
				7D32FD1E24DC390C00B4D556 /* SwiftUIDemoTests.xctest */,
				7D32FD2924DC390C00B4D556 /* SwiftUIDemoUITests.xctest */,
			);
			name = Products;
			sourceTree = "<group>";
		};
		7D32FD0A24DC390300B4D556 /* SwiftUIDemo */ = {
			isa = PBXGroup;
			children = (
				7D38C60C25052A8700551D5D /* menu.json */,
				7D38C606250526B800551D5D /* Helper.swift */,
				7D38C60A250526C600551D5D /* Order.swift */,
				7D38C608250526C100551D5D /* Menu.swift */,
				7D32FD0B24DC390300B4D556 /* AppDelegate.swift */,
				7D32FD0D24DC390300B4D556 /* SceneDelegate.swift */,
				7D32FD0F24DC390300B4D556 /* ContentView.swift */,
				7D32FD1124DC390C00B4D556 /* Assets.xcassets */,
				7D32FD1624DC390C00B4D556 /* LaunchScreen.storyboard */,
				7D32FD1924DC390C00B4D556 /* Info.plist */,
				7D32FD1324DC390C00B4D556 /* Preview Content */,
			);
			path = SwiftUIDemo;
			sourceTree = "<group>";
		};
		7D32FD1324DC390C00B4D556 /* Preview Content */ = {
			isa = PBXGroup;
			children = (
				7D32FD1424DC390C00B4D556 /* Preview Assets.xcassets */,
			);
			path = "Preview Content";
			sourceTree = "<group>";
		};
		7D32FD2124DC390C00B4D556 /* SwiftUIDemoTests */ = {
			isa = PBXGroup;
			children = (
				7D32FD2224DC390C00B4D556 /* SwiftUIDemoTests.swift */,
				7D32FD2424DC390C00B4D556 /* Info.plist */,
			);
			path = SwiftUIDemoTests;
			sourceTree = "<group>";
		};
		7D32FD2C24DC390C00B4D556 /* SwiftUIDemoUITests */ = {
			isa = PBXGroup;
			children = (
				7D32FD2D24DC390C00B4D556 /* SwiftUIDemoUITests.swift */,
				7D32FD2F24DC390C00B4D556 /* Info.plist */,
			);
			path = SwiftUIDemoUITests;
			sourceTree = "<group>";
		};
/* End PBXGroup section */

/* Begin PBXNativeTarget section */
		7D32FD0724DC390300B4D556 /* SwiftUIDemo */ = {
			isa = PBXNativeTarget;
			buildConfigurationList = 7D32FD3224DC390C00B4D556 /* Build configuration list for PBXNativeTarget "SwiftUIDemo" */;
			buildPhases = (
				7D32FD0424DC390300B4D556 /* Sources */,
				7D32FD0524DC390300B4D556 /* Frameworks */,
				7D32FD0624DC390300B4D556 /* Resources */,
			);
			buildRules = (
			);
			dependencies = (
			);
			name = SwiftUIDemo;
			productName = SwiftUIDemo;
			productReference = 7D32FD0824DC390300B4D556 /* SwiftUIDemo.app */;
			productType = "com.apple.product-type.application";
		};
		7D32FD1D24DC390C00B4D556 /* SwiftUIDemoTests */ = {
			isa = PBXNativeTarget;
			buildConfigurationList = 7D32FD3524DC390C00B4D556 /* Build configuration list for PBXNativeTarget "SwiftUIDemoTests" */;
			buildPhases = (
				7D32FD1A24DC390C00B4D556 /* Sources */,
				7D32FD1B24DC390C00B4D556 /* Frameworks */,
				7D32FD1C24DC390C00B4D556 /* Resources */,
			);
			buildRules = (
			);
			dependencies = (
				7D32FD2024DC390C00B4D556 /* PBXTargetDependency */,
			);
			name = SwiftUIDemoTests;
			productName = SwiftUIDemoTests;
			productReference = 7D32FD1E24DC390C00B4D556 /* SwiftUIDemoTests.xctest */;
			productType = "com.apple.product-type.bundle.unit-test";
		};
		7D32FD2824DC390C00B4D556 /* SwiftUIDemoUITests */ = {
			isa = PBXNativeTarget;
			buildConfigurationList = 7D32FD3824DC390C00B4D556 /* Build configuration list for PBXNativeTarget "SwiftUIDemoUITests" */;
			buildPhases = (
				7D32FD2524DC390C00B4D556 /* Sources */,
				7D32FD2624DC390C00B4D556 /* Frameworks */,
				7D32FD2724DC390C00B4D556 /* Resources */,
			);
			buildRules = (
			);
			dependencies = (
				7D32FD2B24DC390C00B4D556 /* PBXTargetDependency */,
			);
			name = SwiftUIDemoUITests;
			productName = SwiftUIDemoUITests;
			productReference = 7D32FD2924DC390C00B4D556 /* SwiftUIDemoUITests.xctest */;
			productType = "com.apple.product-type.bundle.ui-testing";
		};
/* End PBXNativeTarget section */

/* Begin PBXProject section */
		7D32FD0024DC390300B4D556 /* Project object */ = {
			isa = PBXProject;
			attributes = {
				LastSwiftUpdateCheck = 1150;
				LastUpgradeCheck = 1150;
				ORGANIZATIONNAME = Amartis;
				TargetAttributes = {
					7D32FD0724DC390300B4D556 = {
						CreatedOnToolsVersion = 11.5;
					};
					7D32FD1D24DC390C00B4D556 = {
						CreatedOnToolsVersion = 11.5;
						TestTargetID = 7D32FD0724DC390300B4D556;
					};
					7D32FD2824DC390C00B4D556 = {
						CreatedOnToolsVersion = 11.5;
						TestTargetID = 7D32FD0724DC390300B4D556;
					};
				};
			};
			buildConfigurationList = 7D32FD0324DC390300B4D556 /* Build configuration list for PBXProject "SwiftUIDemo" */;
			compatibilityVersion = "Xcode 9.3";
			developmentRegion = en;
			hasScannedForEncodings = 0;
			knownRegions = (
				en,
				Base,
			);
			mainGroup = 7D32FCFF24DC390300B4D556;
			productRefGroup = 7D32FD0924DC390300B4D556 /* Products */;
			projectDirPath = "";
			projectRoot = "";
			targets = (
				7D32FD0724DC390300B4D556 /* SwiftUIDemo */,
				7D32FD1D24DC390C00B4D556 /* SwiftUIDemoTests */,
				7D32FD2824DC390C00B4D556 /* SwiftUIDemoUITests */,
			);
		};
/* End PBXProject section */

/* Begin PBXResourcesBuildPhase section */
		7D32FD0624DC390300B4D556 /* Resources */ = {
			isa = PBXResourcesBuildPhase;
			buildActionMask = 2147483647;
			files = (
				7D32FD1824DC390C00B4D556 /* LaunchScreen.storyboard in Resources */,
				7D32FD1524DC390C00B4D556 /* Preview Assets.xcassets in Resources */,
				7D38C60D25052A8900551D5D /* menu.json in Resources */,
				7D32FD1224DC390C00B4D556 /* Assets.xcassets in Resources */,
			);
			runOnlyForDeploymentPostprocessing = 0;
		};
		7D32FD1C24DC390C00B4D556 /* Resources */ = {
			isa = PBXResourcesBuildPhase;
			buildActionMask = 2147483647;
			files = (
			);
			runOnlyForDeploymentPostprocessing = 0;
		};
		7D32FD2724DC390C00B4D556 /* Resources */ = {
			isa = PBXResourcesBuildPhase;
			buildActionMask = 2147483647;
			files = (
			);
			runOnlyForDeploymentPostprocessing = 0;
		};
/* End PBXResourcesBuildPhase section */

/* Begin PBXSourcesBuildPhase section */
		7D32FD0424DC390300B4D556 /* Sources */ = {
			isa = PBXSourcesBuildPhase;
			buildActionMask = 2147483647;
			files = (
				7D38C60B250526C600551D5D /* Order.swift in Sources */,
				7D32FD0C24DC390300B4D556 /* AppDelegate.swift in Sources */,
				7D32FD0E24DC390300B4D556 /* SceneDelegate.swift in Sources */,
				7D32FD1024DC390300B4D556 /* ContentView.swift in Sources */,
				7D38C607250526B800551D5D /* Helper.swift in Sources */,
				7D38C609250526C100551D5D /* Menu.swift in Sources */,
			);
			runOnlyForDeploymentPostprocessing = 0;
		};
		7D32FD1A24DC390C00B4D556 /* Sources */ = {
			isa = PBXSourcesBuildPhase;
			buildActionMask = 2147483647;
			files = (
				7D32FD2324DC390C00B4D556 /* SwiftUIDemoTests.swift in Sources */,
			);
			runOnlyForDeploymentPostprocessing = 0;
		};
		7D32FD2524DC390C00B4D556 /* Sources */ = {
			isa = PBXSourcesBuildPhase;
			buildActionMask = 2147483647;
			files = (
				7D32FD2E24DC390C00B4D556 /* SwiftUIDemoUITests.swift in Sources */,
			);
			runOnlyForDeploymentPostprocessing = 0;
		};
/* End PBXSourcesBuildPhase section */

/* Begin PBXTargetDependency section */
		7D32FD2024DC390C00B4D556 /* PBXTargetDependency */ = {
			isa = PBXTargetDependency;
			target = 7D32FD0724DC390300B4D556 /* SwiftUIDemo */;
			targetProxy = 7D32FD1F24DC390C00B4D556 /* PBXContainerItemProxy */;
		};
		7D32FD2B24DC390C00B4D556 /* PBXTargetDependency */ = {
			isa = PBXTargetDependency;
			target = 7D32FD0724DC390300B4D556 /* SwiftUIDemo */;
			targetProxy = 7D32FD2A24DC390C00B4D556 /* PBXContainerItemProxy */;
		};
/* End PBXTargetDependency section */

/* Begin PBXVariantGroup section */
		7D32FD1624DC390C00B4D556 /* LaunchScreen.storyboard */ = {
			isa = PBXVariantGroup;
			children = (
				7D32FD1724DC390C00B4D556 /* Base */,
			);
			name = LaunchScreen.storyboard;
			sourceTree = "<group>";
		};
/* End PBXVariantGroup section */

/* Begin XCBuildConfiguration section */
		7D32FD3024DC390C00B4D556 /* Debug */ = {
			isa = XCBuildConfiguration;
			buildSettings = {
				ALWAYS_SEARCH_USER_PATHS = NO;
				CLANG_ANALYZER_NONNULL = YES;
				CLANG_ANALYZER_NUMBER_OBJECT_CONVERSION = YES_AGGRESSIVE;
				CLANG_CXX_LANGUAGE_STANDARD = "gnu++14";
				CLANG_CXX_LIBRARY = "libc++";
				CLANG_ENABLE_MODULES = YES;
				CLANG_ENABLE_OBJC_ARC = YES;
				CLANG_ENABLE_OBJC_WEAK = YES;
				CLANG_WARN_BLOCK_CAPTURE_AUTORELEASING = YES;
				CLANG_WARN_BOOL_CONVERSION = YES;
				CLANG_WARN_COMMA = YES;
				CLANG_WARN_CONSTANT_CONVERSION = YES;
				CLANG_WARN_DEPRECATED_OBJC_IMPLEMENTATIONS = YES;
				CLANG_WARN_DIRECT_OBJC_ISA_USAGE = YES_ERROR;
				CLANG_WARN_DOCUMENTATION_COMMENTS = YES;
				CLANG_WARN_EMPTY_BODY = YES;
				CLANG_WARN_ENUM_CONVERSION = YES;
				CLANG_WARN_INFINITE_RECURSION = YES;
				CLANG_WARN_INT_CONVERSION = YES;
				CLANG_WARN_NON_LITERAL_NULL_CONVERSION = YES;
				CLANG_WARN_OBJC_IMPLICIT_RETAIN_SELF = YES;
				CLANG_WARN_OBJC_LITERAL_CONVERSION = YES;
				CLANG_WARN_OBJC_ROOT_CLASS = YES_ERROR;
				CLANG_WARN_RANGE_LOOP_ANALYSIS = YES;
				CLANG_WARN_STRICT_PROTOTYPES = YES;
				CLANG_WARN_SUSPICIOUS_MOVE = YES;
				CLANG_WARN_UNGUARDED_AVAILABILITY = YES_AGGRESSIVE;
				CLANG_WARN_UNREACHABLE_CODE = YES;
				CLANG_WARN__DUPLICATE_METHOD_MATCH = YES;
				COPY_PHASE_STRIP = NO;
				DEBUG_INFORMATION_FORMAT = dwarf;
				ENABLE_STRICT_OBJC_MSGSEND = YES;
				ENABLE_TESTABILITY = YES;
				GCC_C_LANGUAGE_STANDARD = gnu11;
				GCC_DYNAMIC_NO_PIC = NO;
				GCC_NO_COMMON_BLOCKS = YES;
				GCC_OPTIMIZATION_LEVEL = 0;
				GCC_PREPROCESSOR_DEFINITIONS = (
					"DEBUG=1",
					"$(inherited)",
				);
				GCC_WARN_64_TO_32_BIT_CONVERSION = YES;
				GCC_WARN_ABOUT_RETURN_TYPE = YES_ERROR;
				GCC_WARN_UNDECLARED_SELECTOR = YES;
				GCC_WARN_UNINITIALIZED_AUTOS = YES_AGGRESSIVE;
				GCC_WARN_UNUSED_FUNCTION = YES;
				GCC_WARN_UNUSED_VARIABLE = YES;
				IPHONEOS_DEPLOYMENT_TARGET = 13.5;
				MTL_ENABLE_DEBUG_INFO = INCLUDE_SOURCE;
				MTL_FAST_MATH = YES;
				ONLY_ACTIVE_ARCH = YES;
				SDKROOT = iphoneos;
				SWIFT_ACTIVE_COMPILATION_CONDITIONS = DEBUG;
				SWIFT_OPTIMIZATION_LEVEL = "-Onone";
			};
			name = Debug;
		};
		7D32FD3124DC390C00B4D556 /* Release */ = {
			isa = XCBuildConfiguration;
			buildSettings = {
				ALWAYS_SEARCH_USER_PATHS = NO;
				CLANG_ANALYZER_NONNULL = YES;
				CLANG_ANALYZER_NUMBER_OBJECT_CONVERSION = YES_AGGRESSIVE;
				CLANG_CXX_LANGUAGE_STANDARD = "gnu++14";
				CLANG_CXX_LIBRARY = "libc++";
				CLANG_ENABLE_MODULES = YES;
				CLANG_ENABLE_OBJC_ARC = YES;
				CLANG_ENABLE_OBJC_WEAK = YES;
				CLANG_WARN_BLOCK_CAPTURE_AUTORELEASING = YES;
				CLANG_WARN_BOOL_CONVERSION = YES;
				CLANG_WARN_COMMA = YES;
				CLANG_WARN_CONSTANT_CONVERSION = YES;
				CLANG_WARN_DEPRECATED_OBJC_IMPLEMENTATIONS = YES;
				CLANG_WARN_DIRECT_OBJC_ISA_USAGE = YES_ERROR;
				CLANG_WARN_DOCUMENTATION_COMMENTS = YES;
				CLANG_WARN_EMPTY_BODY = YES;
				CLANG_WARN_ENUM_CONVERSION = YES;
				CLANG_WARN_INFINITE_RECURSION = YES;
				CLANG_WARN_INT_CONVERSION = YES;
				CLANG_WARN_NON_LITERAL_NULL_CONVERSION = YES;
				CLANG_WARN_OBJC_IMPLICIT_RETAIN_SELF = YES;
				CLANG_WARN_OBJC_LITERAL_CONVERSION = YES;
				CLANG_WARN_OBJC_ROOT_CLASS = YES_ERROR;
				CLANG_WARN_RANGE_LOOP_ANALYSIS = YES;
				CLANG_WARN_STRICT_PROTOTYPES = YES;
				CLANG_WARN_SUSPICIOUS_MOVE = YES;
				CLANG_WARN_UNGUARDED_AVAILABILITY = YES_AGGRESSIVE;
				CLANG_WARN_UNREACHABLE_CODE = YES;
				CLANG_WARN__DUPLICATE_METHOD_MATCH = YES;
				COPY_PHASE_STRIP = NO;
				DEBUG_INFORMATION_FORMAT = "dwarf-with-dsym";
				ENABLE_NS_ASSERTIONS = NO;
				ENABLE_STRICT_OBJC_MSGSEND = YES;
				GCC_C_LANGUAGE_STANDARD = gnu11;
				GCC_NO_COMMON_BLOCKS = YES;
				GCC_WARN_64_TO_32_BIT_CONVERSION = YES;
				GCC_WARN_ABOUT_RETURN_TYPE = YES_ERROR;
				GCC_WARN_UNDECLARED_SELECTOR = YES;
				GCC_WARN_UNINITIALIZED_AUTOS = YES_AGGRESSIVE;
				GCC_WARN_UNUSED_FUNCTION = YES;
				GCC_WARN_UNUSED_VARIABLE = YES;
				IPHONEOS_DEPLOYMENT_TARGET = 13.5;
				MTL_ENABLE_DEBUG_INFO = NO;
				MTL_FAST_MATH = YES;
				SDKROOT = iphoneos;
				SWIFT_COMPILATION_MODE = wholemodule;
				SWIFT_OPTIMIZATION_LEVEL = "-O";
				VALIDATE_PRODUCT = YES;
			};
			name = Release;
		};
		7D32FD3324DC390C00B4D556 /* Debug */ = {
			isa = XCBuildConfiguration;
			buildSettings = {
				ASSETCATALOG_COMPILER_APPICON_NAME = AppIcon;
				CODE_SIGN_STYLE = Automatic;
				DEVELOPMENT_ASSET_PATHS = "\"SwiftUIDemo/Preview Content\"";
				ENABLE_PREVIEWS = YES;
				INFOPLIST_FILE = SwiftUIDemo/Info.plist;
				LD_RUNPATH_SEARCH_PATHS = (
					"$(inherited)",
					"@executable_path/Frameworks",
				);
				PRODUCT_BUNDLE_IDENTIFIER = com.amartis.SwiftUIDemo;
				PRODUCT_NAME = "$(TARGET_NAME)";
				SWIFT_VERSION = 5.0;
				TARGETED_DEVICE_FAMILY = "1,2";
			};
			name = Debug;
		};
		7D32FD3424DC390C00B4D556 /* Release */ = {
			isa = XCBuildConfiguration;
			buildSettings = {
				ASSETCATALOG_COMPILER_APPICON_NAME = AppIcon;
				CODE_SIGN_STYLE = Automatic;
				DEVELOPMENT_ASSET_PATHS = "\"SwiftUIDemo/Preview Content\"";
				ENABLE_PREVIEWS = YES;
				INFOPLIST_FILE = SwiftUIDemo/Info.plist;
				LD_RUNPATH_SEARCH_PATHS = (
					"$(inherited)",
					"@executable_path/Frameworks",
				);
				PRODUCT_BUNDLE_IDENTIFIER = com.amartis.SwiftUIDemo;
				PRODUCT_NAME = "$(TARGET_NAME)";
				SWIFT_VERSION = 5.0;
				TARGETED_DEVICE_FAMILY = "1,2";
			};
			name = Release;
		};
		7D32FD3624DC390C00B4D556 /* Debug */ = {
			isa = XCBuildConfiguration;
			buildSettings = {
				ALWAYS_EMBED_SWIFT_STANDARD_LIBRARIES = YES;
				BUNDLE_LOADER = "$(TEST_HOST)";
				CODE_SIGN_STYLE = Automatic;
				INFOPLIST_FILE = SwiftUIDemoTests/Info.plist;
				IPHONEOS_DEPLOYMENT_TARGET = 13.5;
				LD_RUNPATH_SEARCH_PATHS = (
					"$(inherited)",
					"@executable_path/Frameworks",
					"@loader_path/Frameworks",
				);
				PRODUCT_BUNDLE_IDENTIFIER = com.amartis.SwiftUIDemoTests;
				PRODUCT_NAME = "$(TARGET_NAME)";
				SWIFT_VERSION = 5.0;
				TARGETED_DEVICE_FAMILY = "1,2";
				TEST_HOST = "$(BUILT_PRODUCTS_DIR)/SwiftUIDemo.app/SwiftUIDemo";
			};
			name = Debug;
		};
		7D32FD3724DC390C00B4D556 /* Release */ = {
			isa = XCBuildConfiguration;
			buildSettings = {
				ALWAYS_EMBED_SWIFT_STANDARD_LIBRARIES = YES;
				BUNDLE_LOADER = "$(TEST_HOST)";
				CODE_SIGN_STYLE = Automatic;
				INFOPLIST_FILE = SwiftUIDemoTests/Info.plist;
				IPHONEOS_DEPLOYMENT_TARGET = 13.5;
				LD_RUNPATH_SEARCH_PATHS = (
					"$(inherited)",
					"@executable_path/Frameworks",
					"@loader_path/Frameworks",
				);
				PRODUCT_BUNDLE_IDENTIFIER = com.amartis.SwiftUIDemoTests;
				PRODUCT_NAME = "$(TARGET_NAME)";
				SWIFT_VERSION = 5.0;
				TARGETED_DEVICE_FAMILY = "1,2";
				TEST_HOST = "$(BUILT_PRODUCTS_DIR)/SwiftUIDemo.app/SwiftUIDemo";
			};
			name = Release;
		};
		7D32FD3924DC390C00B4D556 /* Debug */ = {
			isa = XCBuildConfiguration;
			buildSettings = {
				ALWAYS_EMBED_SWIFT_STANDARD_LIBRARIES = YES;
				CODE_SIGN_STYLE = Automatic;
				INFOPLIST_FILE = SwiftUIDemoUITests/Info.plist;
				LD_RUNPATH_SEARCH_PATHS = (
					"$(inherited)",
					"@executable_path/Frameworks",
					"@loader_path/Frameworks",
				);
				PRODUCT_BUNDLE_IDENTIFIER = com.amartis.SwiftUIDemoUITests;
				PRODUCT_NAME = "$(TARGET_NAME)";
				SWIFT_VERSION = 5.0;
				TARGETED_DEVICE_FAMILY = "1,2";
				TEST_TARGET_NAME = SwiftUIDemo;
			};
			name = Debug;
		};
		7D32FD3A24DC390C00B4D556 /* Release */ = {
			isa = XCBuildConfiguration;
			buildSettings = {
				ALWAYS_EMBED_SWIFT_STANDARD_LIBRARIES = YES;
				CODE_SIGN_STYLE = Automatic;
				INFOPLIST_FILE = SwiftUIDemoUITests/Info.plist;
				LD_RUNPATH_SEARCH_PATHS = (
					"$(inherited)",
					"@executable_path/Frameworks",
					"@loader_path/Frameworks",
				);
				PRODUCT_BUNDLE_IDENTIFIER = com.amartis.SwiftUIDemoUITests;
				PRODUCT_NAME = "$(TARGET_NAME)";
				SWIFT_VERSION = 5.0;
				TARGETED_DEVICE_FAMILY = "1,2";
				TEST_TARGET_NAME = SwiftUIDemo;
			};
			name = Release;
		};
/* End XCBuildConfiguration section */

/* Begin XCConfigurationList section */
		7D32FD0324DC390300B4D556 /* Build configuration list for PBXProject "SwiftUIDemo" */ = {
			isa = XCConfigurationList;
			buildConfigurations = (
				7D32FD3024DC390C00B4D556 /* Debug */,
				7D32FD3124DC390C00B4D556 /* Release */,
			);
			defaultConfigurationIsVisible = 0;
			defaultConfigurationName = Release;
		};
		7D32FD3224DC390C00B4D556 /* Build configuration list for PBXNativeTarget "SwiftUIDemo" */ = {
			isa = XCConfigurationList;
			buildConfigurations = (
				7D32FD3324DC390C00B4D556 /* Debug */,
				7D32FD3424DC390C00B4D556 /* Release */,
			);
			defaultConfigurationIsVisible = 0;
			defaultConfigurationName = Release;
		};
		7D32FD3524DC390C00B4D556 /* Build configuration list for PBXNativeTarget "SwiftUIDemoTests" */ = {
			isa = XCConfigurationList;
			buildConfigurations = (
				7D32FD3624DC390C00B4D556 /* Debug */,
				7D32FD3724DC390C00B4D556 /* Release */,
			);
			defaultConfigurationIsVisible = 0;
			defaultConfigurationName = Release;
		};
		7D32FD3824DC390C00B4D556 /* Build configuration list for PBXNativeTarget "SwiftUIDemoUITests" */ = {
			isa = XCConfigurationList;
			buildConfigurations = (
				7D32FD3924DC390C00B4D556 /* Debug */,
				7D32FD3A24DC390C00B4D556 /* Release */,
			);
			defaultConfigurationIsVisible = 0;
			defaultConfigurationName = Release;
		};
/* End XCConfigurationList section */
	};
	rootObject = 7D32FD0024DC390300B4D556 /* Project object */;
}
